
Microsoft Visual Studio Solution File, Format Version 12.00
# Visual Studio Version 17
VisualStudioVersion = 17.6.33829.357
MinimumVisualStudioVersion = 10.0.40219.1
Project("{FAE04EC0-301F-11D3-BF4B-00C04F79EFBC}") = "Mood_Feed", "Mood_Feed.csproj", "{B9BA984C-4C0E-4664-AC7C-5ECA8142F51C}"
EndProject
Global
	GlobalSection(SolutionConfigurationPlatforms) = preSolution
		Debug|Any CPU = Debug|Any CPU
		Debug|x64 = Debug|x64
		Debug|x86 = Debug|x86
		Release|Any CPU = Release|Any CPU
		Release|x64 = Release|x64
		Release|x86 = Release|x86
	EndGlobalSection
	GlobalSection(ProjectConfigurationPlatforms) = postSolution
		{B9BA984C-4C0E-4664-AC7C-5ECA8142F51C}.Debug|Any CPU.ActiveCfg = Debug|Any CPU
		{B9BA984C-4C0E-4664-AC7C-5ECA8142F51C}.Debug|Any CPU.Build.0 = Debug|Any CPU
		{B9BA984C-4C0E-4664-AC7C-5ECA8142F51C}.Debug|x64.ActiveCfg = Debug|x64
		{B9BA984C-4C0E-4664-AC7C-5ECA8142F51C}.Debug|x64.Build.0 = Debug|x64
		{B9BA984C-4C0E-4664-AC7C-5ECA8142F51C}.Debug|x86.ActiveCfg = Debug|Any CPU
		{B9BA984C-4C0E-4664-AC7C-5ECA8142F51C}.Debug|x86.Build.0 = Debug|Any CPU
		{B9BA984C-4C0E-4664-AC7C-5ECA8142F51C}.Release|Any CPU.ActiveCfg = Release|Any CPU
		{B9BA984C-4C0E-4664-AC7C-5ECA8142F51C}.Release|Any CPU.Build.0 = Release|Any CPU
		{B9BA984C-4C0E-4664-AC7C-5ECA8142F51C}.Release|x64.ActiveCfg = Release|x64
		{B9BA984C-4C0E-4664-AC7C-5ECA8142F51C}.Release|x64.Build.0 = Release|x64
		{B9BA984C-4C0E-4664-AC7C-5ECA8142F51C}.Release|x86.ActiveCfg = Release|x86
		{B9BA984C-4C0E-4664-AC7C-5ECA8142F51C}.Release|x86.Build.0 = Release|x86
	EndGlobalSection
	GlobalSection(SolutionProperties) = preSolution
		HideSolutionNode = FALSE
	EndGlobalSection
	GlobalSection(ExtensibilityGlobals) = postSolution
		SolutionGuid = {FCFB0E4A-D46E-4E15-83A1-A0A8622F5400}
	EndGlobalSection
EndGlobal
